
Microsoft Visual Studio Solution File, Format Version 12.00
# Visual Studio 2013
VisualStudioVersion = 12.0.21005.1
MinimumVisualStudioVersion = 10.0.40219.1
Project("{FAE04EC0-301F-11D3-BF4B-00C04F79EFBC}") = "IO2GameLib.Windows8", "IO2GameLib\IO2GameLib.Windows8.csproj", "{D5C393BA-6ABE-4137-9BBA-EB3B2699EBE1}"
EndProject
Project("{FAE04EC0-301F-11D3-BF4B-00C04F79EFBC}") = "IO2GameLib.ReferenceGame", "IO2GameLib.ReferenceGame\IO2GameLib.ReferenceGame.csproj", "{EE4943C7-EFFE-4534-9C31-08B2BE36E775}"
EndProject
Project("{2150E333-8FDC-42A3-9474-1A3956D46DE8}") = "Content", "Content", "{9B186473-EE58-489D-833E-EE6D99812C2F}"
EndProject
Project("{FAE04EC0-301F-11D3-BF4B-00C04F79EFBC}") = "DummyContentProject", "io2GameLibContent\DummyContentProject\DummyContentProject.csproj", "{0E9E4D25-B65C-4677-9D8D-AA58D6C9DFDB}"
EndProject
Project("{FAE04EC0-301F-11D3-BF4B-00C04F79EFBC}") = "IO2GameLibContent", "io2GameLibContent\IO2GameLibContent\IO2GameLibContent.contentproj", "{C33C18A2-2379-47EF-BBC7-A1ABBFA91FE7}"
EndProject
Global
	GlobalSection(SolutionConfigurationPlatforms) = preSolution
		Android|Any CPU = Android|Any CPU
		Android|ARM = Android|ARM
		Android|Mixed Platforms = Android|Mixed Platforms
		Android|Windows Phone = Android|Windows Phone
		Android|x64 = Android|x64
		Android|x86 = Android|x86
		Debug|Any CPU = Debug|Any CPU
		Debug|ARM = Debug|ARM
		Debug|Mixed Platforms = Debug|Mixed Platforms
		Debug|Windows Phone = Debug|Windows Phone
		Debug|x64 = Debug|x64
		Debug|x86 = Debug|x86
		iOS|Any CPU = iOS|Any CPU
		iOS|ARM = iOS|ARM
		iOS|Mixed Platforms = iOS|Mixed Platforms
		iOS|Windows Phone = iOS|Windows Phone
		iOS|x64 = iOS|x64
		iOS|x86 = iOS|x86
		Linux|Any CPU = Linux|Any CPU
		Linux|ARM = Linux|ARM
		Linux|Mixed Platforms = Linux|Mixed Platforms
		Linux|Windows Phone = Linux|Windows Phone
		Linux|x64 = Linux|x64
		Linux|x86 = Linux|x86
		OSX|Any CPU = OSX|Any CPU
		OSX|ARM = OSX|ARM
		OSX|Mixed Platforms = OSX|Mixed Platforms
		OSX|Windows Phone = OSX|Windows Phone
		OSX|x64 = OSX|x64
		OSX|x86 = OSX|x86
		PSM|Any CPU = PSM|Any CPU
		PSM|ARM = PSM|ARM
		PSM|Mixed Platforms = PSM|Mixed Platforms
		PSM|Windows Phone = PSM|Windows Phone
		PSM|x64 = PSM|x64
		PSM|x86 = PSM|x86
		Release|Any CPU = Release|Any CPU
		Release|ARM = Release|ARM
		Release|Mixed Platforms = Release|Mixed Platforms
		Release|Windows Phone = Release|Windows Phone
		Release|x64 = Release|x64
		Release|x86 = Release|x86
		Windows|Any CPU = Windows|Any CPU
		Windows|ARM = Windows|ARM
		Windows|Mixed Platforms = Windows|Mixed Platforms
		Windows|Windows Phone = Windows|Windows Phone
		Windows|x64 = Windows|x64
		Windows|x86 = Windows|x86
		Windows8|Any CPU = Windows8|Any CPU
		Windows8|ARM = Windows8|ARM
		Windows8|Mixed Platforms = Windows8|Mixed Platforms
		Windows8|Windows Phone = Windows8|Windows Phone
		Windows8|x64 = Windows8|x64
		Windows8|x86 = Windows8|x86
	EndGlobalSection
	GlobalSection(ProjectConfigurationPlatforms) = postSolution
		{D5C393BA-6ABE-4137-9BBA-EB3B2699EBE1}.Android|Any CPU.ActiveCfg = Release|Any CPU
		{D5C393BA-6ABE-4137-9BBA-EB3B2699EBE1}.Android|Any CPU.Build.0 = Release|Any CPU
		{D5C393BA-6ABE-4137-9BBA-EB3B2699EBE1}.Android|ARM.ActiveCfg = Release|ARM
		{D5C393BA-6ABE-4137-9BBA-EB3B2699EBE1}.Android|ARM.Build.0 = Release|ARM
		{D5C393BA-6ABE-4137-9BBA-EB3B2699EBE1}.Android|Mixed Platforms.ActiveCfg = Release|x86
		{D5C393BA-6ABE-4137-9BBA-EB3B2699EBE1}.Android|Mixed Platforms.Build.0 = Release|x86
		{D5C393BA-6ABE-4137-9BBA-EB3B2699EBE1}.Android|Windows Phone.ActiveCfg = Release|Any CPU
		{D5C393BA-6ABE-4137-9BBA-EB3B2699EBE1}.Android|x64.ActiveCfg = Release|x64
		{D5C393BA-6ABE-4137-9BBA-EB3B2699EBE1}.Android|x64.Build.0 = Release|x64
		{D5C393BA-6ABE-4137-9BBA-EB3B2699EBE1}.Android|x86.ActiveCfg = Release|x86
		{D5C393BA-6ABE-4137-9BBA-EB3B2699EBE1}.Android|x86.Build.0 = Release|x86
		{D5C393BA-6ABE-4137-9BBA-EB3B2699EBE1}.Debug|Any CPU.ActiveCfg = Debug|Any CPU
		{D5C393BA-6ABE-4137-9BBA-EB3B2699EBE1}.Debug|Any CPU.Build.0 = Debug|Any CPU
		{D5C393BA-6ABE-4137-9BBA-EB3B2699EBE1}.Debug|Any CPU.Deploy.0 = Debug|Any CPU
		{D5C393BA-6ABE-4137-9BBA-EB3B2699EBE1}.Debug|ARM.ActiveCfg = Debug|ARM
		{D5C393BA-6ABE-4137-9BBA-EB3B2699EBE1}.Debug|ARM.Build.0 = Debug|ARM
		{D5C393BA-6ABE-4137-9BBA-EB3B2699EBE1}.Debug|ARM.Deploy.0 = Debug|ARM
		{D5C393BA-6ABE-4137-9BBA-EB3B2699EBE1}.Debug|Mixed Platforms.ActiveCfg = Debug|x86
		{D5C393BA-6ABE-4137-9BBA-EB3B2699EBE1}.Debug|Mixed Platforms.Build.0 = Debug|x86
		{D5C393BA-6ABE-4137-9BBA-EB3B2699EBE1}.Debug|Windows Phone.ActiveCfg = Debug|Any CPU
		{D5C393BA-6ABE-4137-9BBA-EB3B2699EBE1}.Debug|x64.ActiveCfg = Debug|x64
		{D5C393BA-6ABE-4137-9BBA-EB3B2699EBE1}.Debug|x64.Build.0 = Debug|x64
		{D5C393BA-6ABE-4137-9BBA-EB3B2699EBE1}.Debug|x64.Deploy.0 = Debug|x64
		{D5C393BA-6ABE-4137-9BBA-EB3B2699EBE1}.Debug|x86.ActiveCfg = Debug|x86
		{D5C393BA-6ABE-4137-9BBA-EB3B2699EBE1}.Debug|x86.Build.0 = Debug|x86
		{D5C393BA-6ABE-4137-9BBA-EB3B2699EBE1}.Debug|x86.Deploy.0 = Debug|x86
		{D5C393BA-6ABE-4137-9BBA-EB3B2699EBE1}.iOS|Any CPU.ActiveCfg = Release|Any CPU
		{D5C393BA-6ABE-4137-9BBA-EB3B2699EBE1}.iOS|Any CPU.Build.0 = Release|Any CPU
		{D5C393BA-6ABE-4137-9BBA-EB3B2699EBE1}.iOS|ARM.ActiveCfg = Release|ARM
		{D5C393BA-6ABE-4137-9BBA-EB3B2699EBE1}.iOS|ARM.Build.0 = Release|ARM
		{D5C393BA-6ABE-4137-9BBA-EB3B2699EBE1}.iOS|Mixed Platforms.ActiveCfg = Release|x86
		{D5C393BA-6ABE-4137-9BBA-EB3B2699EBE1}.iOS|Mixed Platforms.Build.0 = Release|x86
		{D5C393BA-6ABE-4137-9BBA-EB3B2699EBE1}.iOS|Windows Phone.ActiveCfg = Release|Any CPU
		{D5C393BA-6ABE-4137-9BBA-EB3B2699EBE1}.iOS|x64.ActiveCfg = Release|x64
		{D5C393BA-6ABE-4137-9BBA-EB3B2699EBE1}.iOS|x64.Build.0 = Release|x64
		{D5C393BA-6ABE-4137-9BBA-EB3B2699EBE1}.iOS|x86.ActiveCfg = Release|x86
		{D5C393BA-6ABE-4137-9BBA-EB3B2699EBE1}.iOS|x86.Build.0 = Release|x86
		{D5C393BA-6ABE-4137-9BBA-EB3B2699EBE1}.Linux|Any CPU.ActiveCfg = Release|Any CPU
		{D5C393BA-6ABE-4137-9BBA-EB3B2699EBE1}.Linux|Any CPU.Build.0 = Release|Any CPU
		{D5C393BA-6ABE-4137-9BBA-EB3B2699EBE1}.Linux|ARM.ActiveCfg = Release|ARM
		{D5C393BA-6ABE-4137-9BBA-EB3B2699EBE1}.Linux|ARM.Build.0 = Release|ARM
		{D5C393BA-6ABE-4137-9BBA-EB3B2699EBE1}.Linux|Mixed Platforms.ActiveCfg = Release|x86
		{D5C393BA-6ABE-4137-9BBA-EB3B2699EBE1}.Linux|Mixed Platforms.Build.0 = Release|x86
		{D5C393BA-6ABE-4137-9BBA-EB3B2699EBE1}.Linux|Windows Phone.ActiveCfg = Release|Any CPU
		{D5C393BA-6ABE-4137-9BBA-EB3B2699EBE1}.Linux|x64.ActiveCfg = Release|x64
		{D5C393BA-6ABE-4137-9BBA-EB3B2699EBE1}.Linux|x64.Build.0 = Release|x64
		{D5C393BA-6ABE-4137-9BBA-EB3B2699EBE1}.Linux|x86.ActiveCfg = Release|x86
		{D5C393BA-6ABE-4137-9BBA-EB3B2699EBE1}.Linux|x86.Build.0 = Release|x86
		{D5C393BA-6ABE-4137-9BBA-EB3B2699EBE1}.OSX|Any CPU.ActiveCfg = Release|Any CPU
		{D5C393BA-6ABE-4137-9BBA-EB3B2699EBE1}.OSX|Any CPU.Build.0 = Release|Any CPU
		{D5C393BA-6ABE-4137-9BBA-EB3B2699EBE1}.OSX|ARM.ActiveCfg = Release|ARM
		{D5C393BA-6ABE-4137-9BBA-EB3B2699EBE1}.OSX|ARM.Build.0 = Release|ARM
		{D5C393BA-6ABE-4137-9BBA-EB3B2699EBE1}.OSX|Mixed Platforms.ActiveCfg = Release|x86
		{D5C393BA-6ABE-4137-9BBA-EB3B2699EBE1}.OSX|Mixed Platforms.Build.0 = Release|x86
		{D5C393BA-6ABE-4137-9BBA-EB3B2699EBE1}.OSX|Windows Phone.ActiveCfg = Release|Any CPU
		{D5C393BA-6ABE-4137-9BBA-EB3B2699EBE1}.OSX|x64.ActiveCfg = Release|x64
		{D5C393BA-6ABE-4137-9BBA-EB3B2699EBE1}.OSX|x64.Build.0 = Release|x64
		{D5C393BA-6ABE-4137-9BBA-EB3B2699EBE1}.OSX|x86.ActiveCfg = Release|x86
		{D5C393BA-6ABE-4137-9BBA-EB3B2699EBE1}.OSX|x86.Build.0 = Release|x86
		{D5C393BA-6ABE-4137-9BBA-EB3B2699EBE1}.PSM|Any CPU.ActiveCfg = Release|Any CPU
		{D5C393BA-6ABE-4137-9BBA-EB3B2699EBE1}.PSM|Any CPU.Build.0 = Release|Any CPU
		{D5C393BA-6ABE-4137-9BBA-EB3B2699EBE1}.PSM|ARM.ActiveCfg = Release|ARM
		{D5C393BA-6ABE-4137-9BBA-EB3B2699EBE1}.PSM|ARM.Build.0 = Release|ARM
		{D5C393BA-6ABE-4137-9BBA-EB3B2699EBE1}.PSM|Mixed Platforms.ActiveCfg = Release|x86
		{D5C393BA-6ABE-4137-9BBA-EB3B2699EBE1}.PSM|Mixed Platforms.Build.0 = Release|x86
		{D5C393BA-6ABE-4137-9BBA-EB3B2699EBE1}.PSM|Windows Phone.ActiveCfg = Release|Any CPU
		{D5C393BA-6ABE-4137-9BBA-EB3B2699EBE1}.PSM|x64.ActiveCfg = Release|x64
		{D5C393BA-6ABE-4137-9BBA-EB3B2699EBE1}.PSM|x64.Build.0 = Release|x64
		{D5C393BA-6ABE-4137-9BBA-EB3B2699EBE1}.PSM|x86.ActiveCfg = Release|x86
		{D5C393BA-6ABE-4137-9BBA-EB3B2699EBE1}.PSM|x86.Build.0 = Release|x86
		{D5C393BA-6ABE-4137-9BBA-EB3B2699EBE1}.Release|Any CPU.ActiveCfg = Release|Any CPU
		{D5C393BA-6ABE-4137-9BBA-EB3B2699EBE1}.Release|Any CPU.Build.0 = Release|Any CPU
		{D5C393BA-6ABE-4137-9BBA-EB3B2699EBE1}.Release|Any CPU.Deploy.0 = Release|Any CPU
		{D5C393BA-6ABE-4137-9BBA-EB3B2699EBE1}.Release|ARM.ActiveCfg = Release|ARM
		{D5C393BA-6ABE-4137-9BBA-EB3B2699EBE1}.Release|ARM.Build.0 = Release|ARM
		{D5C393BA-6ABE-4137-9BBA-EB3B2699EBE1}.Release|ARM.Deploy.0 = Release|ARM
		{D5C393BA-6ABE-4137-9BBA-EB3B2699EBE1}.Release|Mixed Platforms.ActiveCfg = Release|x86
		{D5C393BA-6ABE-4137-9BBA-EB3B2699EBE1}.Release|Mixed Platforms.Build.0 = Release|x86
		{D5C393BA-6ABE-4137-9BBA-EB3B2699EBE1}.Release|Windows Phone.ActiveCfg = Release|Any CPU
		{D5C393BA-6ABE-4137-9BBA-EB3B2699EBE1}.Release|x64.ActiveCfg = Release|x64
		{D5C393BA-6ABE-4137-9BBA-EB3B2699EBE1}.Release|x64.Build.0 = Release|x64
		{D5C393BA-6ABE-4137-9BBA-EB3B2699EBE1}.Release|x64.Deploy.0 = Release|x64
		{D5C393BA-6ABE-4137-9BBA-EB3B2699EBE1}.Release|x86.ActiveCfg = Release|x86
		{D5C393BA-6ABE-4137-9BBA-EB3B2699EBE1}.Release|x86.Build.0 = Release|x86
		{D5C393BA-6ABE-4137-9BBA-EB3B2699EBE1}.Release|x86.Deploy.0 = Release|x86
		{D5C393BA-6ABE-4137-9BBA-EB3B2699EBE1}.Windows|Any CPU.ActiveCfg = Release|Any CPU
		{D5C393BA-6ABE-4137-9BBA-EB3B2699EBE1}.Windows|Any CPU.Build.0 = Release|Any CPU
		{D5C393BA-6ABE-4137-9BBA-EB3B2699EBE1}.Windows|ARM.ActiveCfg = Release|ARM
		{D5C393BA-6ABE-4137-9BBA-EB3B2699EBE1}.Windows|ARM.Build.0 = Release|ARM
		{D5C393BA-6ABE-4137-9BBA-EB3B2699EBE1}.Windows|Mixed Platforms.ActiveCfg = Release|x86
		{D5C393BA-6ABE-4137-9BBA-EB3B2699EBE1}.Windows|Mixed Platforms.Build.0 = Release|x86
		{D5C393BA-6ABE-4137-9BBA-EB3B2699EBE1}.Windows|Windows Phone.ActiveCfg = Release|Any CPU
		{D5C393BA-6ABE-4137-9BBA-EB3B2699EBE1}.Windows|x64.ActiveCfg = Release|x64
		{D5C393BA-6ABE-4137-9BBA-EB3B2699EBE1}.Windows|x64.Build.0 = Release|x64
		{D5C393BA-6ABE-4137-9BBA-EB3B2699EBE1}.Windows|x86.ActiveCfg = Release|x86
		{D5C393BA-6ABE-4137-9BBA-EB3B2699EBE1}.Windows|x86.Build.0 = Release|x86
		{D5C393BA-6ABE-4137-9BBA-EB3B2699EBE1}.Windows8|Any CPU.ActiveCfg = Release|Any CPU
		{D5C393BA-6ABE-4137-9BBA-EB3B2699EBE1}.Windows8|Any CPU.Build.0 = Release|Any CPU
		{D5C393BA-6ABE-4137-9BBA-EB3B2699EBE1}.Windows8|ARM.ActiveCfg = Release|ARM
		{D5C393BA-6ABE-4137-9BBA-EB3B2699EBE1}.Windows8|ARM.Build.0 = Release|ARM
		{D5C393BA-6ABE-4137-9BBA-EB3B2699EBE1}.Windows8|Mixed Platforms.ActiveCfg = Release|x86
		{D5C393BA-6ABE-4137-9BBA-EB3B2699EBE1}.Windows8|Mixed Platforms.Build.0 = Release|x86
		{D5C393BA-6ABE-4137-9BBA-EB3B2699EBE1}.Windows8|Windows Phone.ActiveCfg = Release|Any CPU
		{D5C393BA-6ABE-4137-9BBA-EB3B2699EBE1}.Windows8|x64.ActiveCfg = Release|x64
		{D5C393BA-6ABE-4137-9BBA-EB3B2699EBE1}.Windows8|x64.Build.0 = Release|x64
		{D5C393BA-6ABE-4137-9BBA-EB3B2699EBE1}.Windows8|x86.ActiveCfg = Release|x86
		{D5C393BA-6ABE-4137-9BBA-EB3B2699EBE1}.Windows8|x86.Build.0 = Release|x86
		{EE4943C7-EFFE-4534-9C31-08B2BE36E775}.Android|Any CPU.ActiveCfg = Release|Any CPU
		{EE4943C7-EFFE-4534-9C31-08B2BE36E775}.Android|Any CPU.Build.0 = Release|Any CPU
		{EE4943C7-EFFE-4534-9C31-08B2BE36E775}.Android|Any CPU.Deploy.0 = Release|Any CPU
		{EE4943C7-EFFE-4534-9C31-08B2BE36E775}.Android|ARM.ActiveCfg = Release|ARM
		{EE4943C7-EFFE-4534-9C31-08B2BE36E775}.Android|ARM.Build.0 = Release|ARM
		{EE4943C7-EFFE-4534-9C31-08B2BE36E775}.Android|ARM.Deploy.0 = Release|ARM
		{EE4943C7-EFFE-4534-9C31-08B2BE36E775}.Android|Mixed Platforms.ActiveCfg = Release|x86
		{EE4943C7-EFFE-4534-9C31-08B2BE36E775}.Android|Mixed Platforms.Build.0 = Release|x86
		{EE4943C7-EFFE-4534-9C31-08B2BE36E775}.Android|Mixed Platforms.Deploy.0 = Release|x86
		{EE4943C7-EFFE-4534-9C31-08B2BE36E775}.Android|Windows Phone.ActiveCfg = Release|Any CPU
		{EE4943C7-EFFE-4534-9C31-08B2BE36E775}.Android|x64.ActiveCfg = Release|x64
		{EE4943C7-EFFE-4534-9C31-08B2BE36E775}.Android|x64.Build.0 = Release|x64
		{EE4943C7-EFFE-4534-9C31-08B2BE36E775}.Android|x64.Deploy.0 = Release|x64
		{EE4943C7-EFFE-4534-9C31-08B2BE36E775}.Android|x86.ActiveCfg = Release|x86
		{EE4943C7-EFFE-4534-9C31-08B2BE36E775}.Android|x86.Build.0 = Release|x86
		{EE4943C7-EFFE-4534-9C31-08B2BE36E775}.Android|x86.Deploy.0 = Release|x86
		{EE4943C7-EFFE-4534-9C31-08B2BE36E775}.Debug|Any CPU.ActiveCfg = Debug|Any CPU
		{EE4943C7-EFFE-4534-9C31-08B2BE36E775}.Debug|Any CPU.Build.0 = Debug|Any CPU
		{EE4943C7-EFFE-4534-9C31-08B2BE36E775}.Debug|Any CPU.Deploy.0 = Debug|Any CPU
		{EE4943C7-EFFE-4534-9C31-08B2BE36E775}.Debug|ARM.ActiveCfg = Debug|ARM
		{EE4943C7-EFFE-4534-9C31-08B2BE36E775}.Debug|ARM.Build.0 = Debug|ARM
		{EE4943C7-EFFE-4534-9C31-08B2BE36E775}.Debug|ARM.Deploy.0 = Debug|ARM
		{EE4943C7-EFFE-4534-9C31-08B2BE36E775}.Debug|Mixed Platforms.ActiveCfg = Debug|x86
		{EE4943C7-EFFE-4534-9C31-08B2BE36E775}.Debug|Mixed Platforms.Build.0 = Debug|x86
		{EE4943C7-EFFE-4534-9C31-08B2BE36E775}.Debug|Mixed Platforms.Deploy.0 = Debug|x86
		{EE4943C7-EFFE-4534-9C31-08B2BE36E775}.Debug|Windows Phone.ActiveCfg = Debug|Any CPU
		{EE4943C7-EFFE-4534-9C31-08B2BE36E775}.Debug|x64.ActiveCfg = Debug|x64
		{EE4943C7-EFFE-4534-9C31-08B2BE36E775}.Debug|x64.Build.0 = Debug|x64
		{EE4943C7-EFFE-4534-9C31-08B2BE36E775}.Debug|x64.Deploy.0 = Debug|x64
		{EE4943C7-EFFE-4534-9C31-08B2BE36E775}.Debug|x86.ActiveCfg = Debug|x86
		{EE4943C7-EFFE-4534-9C31-08B2BE36E775}.Debug|x86.Build.0 = Debug|x86
		{EE4943C7-EFFE-4534-9C31-08B2BE36E775}.Debug|x86.Deploy.0 = Debug|x86
		{EE4943C7-EFFE-4534-9C31-08B2BE36E775}.iOS|Any CPU.ActiveCfg = Release|Any CPU
		{EE4943C7-EFFE-4534-9C31-08B2BE36E775}.iOS|Any CPU.Build.0 = Release|Any CPU
		{EE4943C7-EFFE-4534-9C31-08B2BE36E775}.iOS|Any CPU.Deploy.0 = Release|Any CPU
		{EE4943C7-EFFE-4534-9C31-08B2BE36E775}.iOS|ARM.ActiveCfg = Release|ARM
		{EE4943C7-EFFE-4534-9C31-08B2BE36E775}.iOS|ARM.Build.0 = Release|ARM
		{EE4943C7-EFFE-4534-9C31-08B2BE36E775}.iOS|ARM.Deploy.0 = Release|ARM
		{EE4943C7-EFFE-4534-9C31-08B2BE36E775}.iOS|Mixed Platforms.ActiveCfg = Release|x86
		{EE4943C7-EFFE-4534-9C31-08B2BE36E775}.iOS|Mixed Platforms.Build.0 = Release|x86
		{EE4943C7-EFFE-4534-9C31-08B2BE36E775}.iOS|Mixed Platforms.Deploy.0 = Release|x86
		{EE4943C7-EFFE-4534-9C31-08B2BE36E775}.iOS|Windows Phone.ActiveCfg = Release|Any CPU
		{EE4943C7-EFFE-4534-9C31-08B2BE36E775}.iOS|x64.ActiveCfg = Release|x64
		{EE4943C7-EFFE-4534-9C31-08B2BE36E775}.iOS|x64.Build.0 = Release|x64
		{EE4943C7-EFFE-4534-9C31-08B2BE36E775}.iOS|x64.Deploy.0 = Release|x64
		{EE4943C7-EFFE-4534-9C31-08B2BE36E775}.iOS|x86.ActiveCfg = Release|x86
		{EE4943C7-EFFE-4534-9C31-08B2BE36E775}.iOS|x86.Build.0 = Release|x86
		{EE4943C7-EFFE-4534-9C31-08B2BE36E775}.iOS|x86.Deploy.0 = Release|x86
		{EE4943C7-EFFE-4534-9C31-08B2BE36E775}.Linux|Any CPU.ActiveCfg = Release|Any CPU
		{EE4943C7-EFFE-4534-9C31-08B2BE36E775}.Linux|Any CPU.Build.0 = Release|Any CPU
		{EE4943C7-EFFE-4534-9C31-08B2BE36E775}.Linux|Any CPU.Deploy.0 = Release|Any CPU
		{EE4943C7-EFFE-4534-9C31-08B2BE36E775}.Linux|ARM.ActiveCfg = Release|ARM
		{EE4943C7-EFFE-4534-9C31-08B2BE36E775}.Linux|ARM.Build.0 = Release|ARM
		{EE4943C7-EFFE-4534-9C31-08B2BE36E775}.Linux|ARM.Deploy.0 = Release|ARM
		{EE4943C7-EFFE-4534-9C31-08B2BE36E775}.Linux|Mixed Platforms.ActiveCfg = Release|x86
		{EE4943C7-EFFE-4534-9C31-08B2BE36E775}.Linux|Mixed Platforms.Build.0 = Release|x86
		{EE4943C7-EFFE-4534-9C31-08B2BE36E775}.Linux|Mixed Platforms.Deploy.0 = Release|x86
		{EE4943C7-EFFE-4534-9C31-08B2BE36E775}.Linux|Windows Phone.ActiveCfg = Release|Any CPU
		{EE4943C7-EFFE-4534-9C31-08B2BE36E775}.Linux|x64.ActiveCfg = Release|x64
		{EE4943C7-EFFE-4534-9C31-08B2BE36E775}.Linux|x64.Build.0 = Release|x64
		{EE4943C7-EFFE-4534-9C31-08B2BE36E775}.Linux|x64.Deploy.0 = Release|x64
		{EE4943C7-EFFE-4534-9C31-08B2BE36E775}.Linux|x86.ActiveCfg = Release|x86
		{EE4943C7-EFFE-4534-9C31-08B2BE36E775}.Linux|x86.Build.0 = Release|x86
		{EE4943C7-EFFE-4534-9C31-08B2BE36E775}.Linux|x86.Deploy.0 = Release|x86
		{EE4943C7-EFFE-4534-9C31-08B2BE36E775}.OSX|Any CPU.ActiveCfg = Release|Any CPU
		{EE4943C7-EFFE-4534-9C31-08B2BE36E775}.OSX|Any CPU.Build.0 = Release|Any CPU
		{EE4943C7-EFFE-4534-9C31-08B2BE36E775}.OSX|Any CPU.Deploy.0 = Release|Any CPU
		{EE4943C7-EFFE-4534-9C31-08B2BE36E775}.OSX|ARM.ActiveCfg = Release|ARM
		{EE4943C7-EFFE-4534-9C31-08B2BE36E775}.OSX|ARM.Build.0 = Release|ARM
		{EE4943C7-EFFE-4534-9C31-08B2BE36E775}.OSX|ARM.Deploy.0 = Release|ARM
		{EE4943C7-EFFE-4534-9C31-08B2BE36E775}.OSX|Mixed Platforms.ActiveCfg = Release|x86
		{EE4943C7-EFFE-4534-9C31-08B2BE36E775}.OSX|Mixed Platforms.Build.0 = Release|x86
		{EE4943C7-EFFE-4534-9C31-08B2BE36E775}.OSX|Mixed Platforms.Deploy.0 = Release|x86
		{EE4943C7-EFFE-4534-9C31-08B2BE36E775}.OSX|Windows Phone.ActiveCfg = Release|Any CPU
		{EE4943C7-EFFE-4534-9C31-08B2BE36E775}.OSX|x64.ActiveCfg = Release|x64
		{EE4943C7-EFFE-4534-9C31-08B2BE36E775}.OSX|x64.Build.0 = Release|x64
		{EE4943C7-EFFE-4534-9C31-08B2BE36E775}.OSX|x64.Deploy.0 = Release|x64
		{EE4943C7-EFFE-4534-9C31-08B2BE36E775}.OSX|x86.ActiveCfg = Release|x86
		{EE4943C7-EFFE-4534-9C31-08B2BE36E775}.OSX|x86.Build.0 = Release|x86
		{EE4943C7-EFFE-4534-9C31-08B2BE36E775}.OSX|x86.Deploy.0 = Release|x86
		{EE4943C7-EFFE-4534-9C31-08B2BE36E775}.PSM|Any CPU.ActiveCfg = Release|Any CPU
		{EE4943C7-EFFE-4534-9C31-08B2BE36E775}.PSM|Any CPU.Build.0 = Release|Any CPU
		{EE4943C7-EFFE-4534-9C31-08B2BE36E775}.PSM|Any CPU.Deploy.0 = Release|Any CPU
		{EE4943C7-EFFE-4534-9C31-08B2BE36E775}.PSM|ARM.ActiveCfg = Release|ARM
		{EE4943C7-EFFE-4534-9C31-08B2BE36E775}.PSM|ARM.Build.0 = Release|ARM
		{EE4943C7-EFFE-4534-9C31-08B2BE36E775}.PSM|ARM.Deploy.0 = Release|ARM
		{EE4943C7-EFFE-4534-9C31-08B2BE36E775}.PSM|Mixed Platforms.ActiveCfg = Release|x86
		{EE4943C7-EFFE-4534-9C31-08B2BE36E775}.PSM|Mixed Platforms.Build.0 = Release|x86
		{EE4943C7-EFFE-4534-9C31-08B2BE36E775}.PSM|Mixed Platforms.Deploy.0 = Release|x86
		{EE4943C7-EFFE-4534-9C31-08B2BE36E775}.PSM|Windows Phone.ActiveCfg = Release|Any CPU
		{EE4943C7-EFFE-4534-9C31-08B2BE36E775}.PSM|x64.ActiveCfg = Release|x64
		{EE4943C7-EFFE-4534-9C31-08B2BE36E775}.PSM|x64.Build.0 = Release|x64
		{EE4943C7-EFFE-4534-9C31-08B2BE36E775}.PSM|x64.Deploy.0 = Release|x64
		{EE4943C7-EFFE-4534-9C31-08B2BE36E775}.PSM|x86.ActiveCfg = Release|x86
		{EE4943C7-EFFE-4534-9C31-08B2BE36E775}.PSM|x86.Build.0 = Release|x86
		{EE4943C7-EFFE-4534-9C31-08B2BE36E775}.PSM|x86.Deploy.0 = Release|x86
		{EE4943C7-EFFE-4534-9C31-08B2BE36E775}.Release|Any CPU.ActiveCfg = Release|Any CPU
		{EE4943C7-EFFE-4534-9C31-08B2BE36E775}.Release|Any CPU.Build.0 = Release|Any CPU
		{EE4943C7-EFFE-4534-9C31-08B2BE36E775}.Release|Any CPU.Deploy.0 = Release|Any CPU
		{EE4943C7-EFFE-4534-9C31-08B2BE36E775}.Release|ARM.ActiveCfg = Release|ARM
		{EE4943C7-EFFE-4534-9C31-08B2BE36E775}.Release|ARM.Build.0 = Release|ARM
		{EE4943C7-EFFE-4534-9C31-08B2BE36E775}.Release|ARM.Deploy.0 = Release|ARM
		{EE4943C7-EFFE-4534-9C31-08B2BE36E775}.Release|Mixed Platforms.ActiveCfg = Release|x86
		{EE4943C7-EFFE-4534-9C31-08B2BE36E775}.Release|Mixed Platforms.Build.0 = Release|x86
		{EE4943C7-EFFE-4534-9C31-08B2BE36E775}.Release|Mixed Platforms.Deploy.0 = Release|x86
		{EE4943C7-EFFE-4534-9C31-08B2BE36E775}.Release|Windows Phone.ActiveCfg = Release|Any CPU
		{EE4943C7-EFFE-4534-9C31-08B2BE36E775}.Release|x64.ActiveCfg = Release|x64
		{EE4943C7-EFFE-4534-9C31-08B2BE36E775}.Release|x64.Build.0 = Release|x64
		{EE4943C7-EFFE-4534-9C31-08B2BE36E775}.Release|x64.Deploy.0 = Release|x64
		{EE4943C7-EFFE-4534-9C31-08B2BE36E775}.Release|x86.ActiveCfg = Release|x86
		{EE4943C7-EFFE-4534-9C31-08B2BE36E775}.Release|x86.Build.0 = Release|x86
		{EE4943C7-EFFE-4534-9C31-08B2BE36E775}.Release|x86.Deploy.0 = Release|x86
		{EE4943C7-EFFE-4534-9C31-08B2BE36E775}.Windows|Any CPU.ActiveCfg = Release|Any CPU
		{EE4943C7-EFFE-4534-9C31-08B2BE36E775}.Windows|Any CPU.Build.0 = Release|Any CPU
		{EE4943C7-EFFE-4534-9C31-08B2BE36E775}.Windows|Any CPU.Deploy.0 = Release|Any CPU
		{EE4943C7-EFFE-4534-9C31-08B2BE36E775}.Windows|ARM.ActiveCfg = Release|ARM
		{EE4943C7-EFFE-4534-9C31-08B2BE36E775}.Windows|ARM.Build.0 = Release|ARM
		{EE4943C7-EFFE-4534-9C31-08B2BE36E775}.Windows|ARM.Deploy.0 = Release|ARM
		{EE4943C7-EFFE-4534-9C31-08B2BE36E775}.Windows|Mixed Platforms.ActiveCfg = Release|x86
		{EE4943C7-EFFE-4534-9C31-08B2BE36E775}.Windows|Mixed Platforms.Build.0 = Release|x86
		{EE4943C7-EFFE-4534-9C31-08B2BE36E775}.Windows|Mixed Platforms.Deploy.0 = Release|x86
		{EE4943C7-EFFE-4534-9C31-08B2BE36E775}.Windows|Windows Phone.ActiveCfg = Release|Any CPU
		{EE4943C7-EFFE-4534-9C31-08B2BE36E775}.Windows|x64.ActiveCfg = Release|x64
		{EE4943C7-EFFE-4534-9C31-08B2BE36E775}.Windows|x64.Build.0 = Release|x64
		{EE4943C7-EFFE-4534-9C31-08B2BE36E775}.Windows|x64.Deploy.0 = Release|x64
		{EE4943C7-EFFE-4534-9C31-08B2BE36E775}.Windows|x86.ActiveCfg = Release|x86
		{EE4943C7-EFFE-4534-9C31-08B2BE36E775}.Windows|x86.Build.0 = Release|x86
		{EE4943C7-EFFE-4534-9C31-08B2BE36E775}.Windows|x86.Deploy.0 = Release|x86
		{EE4943C7-EFFE-4534-9C31-08B2BE36E775}.Windows8|Any CPU.ActiveCfg = Release|Any CPU
		{EE4943C7-EFFE-4534-9C31-08B2BE36E775}.Windows8|Any CPU.Build.0 = Release|Any CPU
		{EE4943C7-EFFE-4534-9C31-08B2BE36E775}.Windows8|Any CPU.Deploy.0 = Release|Any CPU
		{EE4943C7-EFFE-4534-9C31-08B2BE36E775}.Windows8|ARM.ActiveCfg = Release|ARM
		{EE4943C7-EFFE-4534-9C31-08B2BE36E775}.Windows8|ARM.Build.0 = Release|ARM
		{EE4943C7-EFFE-4534-9C31-08B2BE36E775}.Windows8|ARM.Deploy.0 = Release|ARM
		{EE4943C7-EFFE-4534-9C31-08B2BE36E775}.Windows8|Mixed Platforms.ActiveCfg = Release|x86
		{EE4943C7-EFFE-4534-9C31-08B2BE36E775}.Windows8|Mixed Platforms.Build.0 = Release|x86
		{EE4943C7-EFFE-4534-9C31-08B2BE36E775}.Windows8|Mixed Platforms.Deploy.0 = Release|x86
		{EE4943C7-EFFE-4534-9C31-08B2BE36E775}.Windows8|Windows Phone.ActiveCfg = Release|Any CPU
		{EE4943C7-EFFE-4534-9C31-08B2BE36E775}.Windows8|x64.ActiveCfg = Release|x64
		{EE4943C7-EFFE-4534-9C31-08B2BE36E775}.Windows8|x64.Build.0 = Release|x64
		{EE4943C7-EFFE-4534-9C31-08B2BE36E775}.Windows8|x64.Deploy.0 = Release|x64
		{EE4943C7-EFFE-4534-9C31-08B2BE36E775}.Windows8|x86.ActiveCfg = Release|x86
		{EE4943C7-EFFE-4534-9C31-08B2BE36E775}.Windows8|x86.Build.0 = Release|x86
		{EE4943C7-EFFE-4534-9C31-08B2BE36E775}.Windows8|x86.Deploy.0 = Release|x86
		{0E9E4D25-B65C-4677-9D8D-AA58D6C9DFDB}.Android|Any CPU.ActiveCfg = Release|Windows Phone
		{0E9E4D25-B65C-4677-9D8D-AA58D6C9DFDB}.Android|ARM.ActiveCfg = Release|Windows Phone
		{0E9E4D25-B65C-4677-9D8D-AA58D6C9DFDB}.Android|Mixed Platforms.ActiveCfg = Release|Windows Phone
		{0E9E4D25-B65C-4677-9D8D-AA58D6C9DFDB}.Android|Mixed Platforms.Build.0 = Release|Windows Phone
		{0E9E4D25-B65C-4677-9D8D-AA58D6C9DFDB}.Android|Windows Phone.ActiveCfg = Release|Windows Phone
		{0E9E4D25-B65C-4677-9D8D-AA58D6C9DFDB}.Android|Windows Phone.Build.0 = Release|Windows Phone
		{0E9E4D25-B65C-4677-9D8D-AA58D6C9DFDB}.Android|x64.ActiveCfg = Release|Windows Phone
		{0E9E4D25-B65C-4677-9D8D-AA58D6C9DFDB}.Android|x86.ActiveCfg = Release|Windows Phone
		{0E9E4D25-B65C-4677-9D8D-AA58D6C9DFDB}.Debug|Any CPU.ActiveCfg = Debug|Windows Phone
		{0E9E4D25-B65C-4677-9D8D-AA58D6C9DFDB}.Debug|ARM.ActiveCfg = Debug|Windows Phone
		{0E9E4D25-B65C-4677-9D8D-AA58D6C9DFDB}.Debug|Mixed Platforms.ActiveCfg = Debug|Windows Phone
		{0E9E4D25-B65C-4677-9D8D-AA58D6C9DFDB}.Debug|Mixed Platforms.Build.0 = Debug|Windows Phone
		{0E9E4D25-B65C-4677-9D8D-AA58D6C9DFDB}.Debug|Windows Phone.ActiveCfg = Debug|Windows Phone
		{0E9E4D25-B65C-4677-9D8D-AA58D6C9DFDB}.Debug|Windows Phone.Build.0 = Debug|Windows Phone
		{0E9E4D25-B65C-4677-9D8D-AA58D6C9DFDB}.Debug|x64.ActiveCfg = Debug|Windows Phone
		{0E9E4D25-B65C-4677-9D8D-AA58D6C9DFDB}.Debug|x86.ActiveCfg = Debug|Windows Phone
		{0E9E4D25-B65C-4677-9D8D-AA58D6C9DFDB}.iOS|Any CPU.ActiveCfg = Release|Windows Phone
		{0E9E4D25-B65C-4677-9D8D-AA58D6C9DFDB}.iOS|ARM.ActiveCfg = Release|Windows Phone
		{0E9E4D25-B65C-4677-9D8D-AA58D6C9DFDB}.iOS|Mixed Platforms.ActiveCfg = Release|Windows Phone
		{0E9E4D25-B65C-4677-9D8D-AA58D6C9DFDB}.iOS|Mixed Platforms.Build.0 = Release|Windows Phone
		{0E9E4D25-B65C-4677-9D8D-AA58D6C9DFDB}.iOS|Windows Phone.ActiveCfg = Release|Windows Phone
		{0E9E4D25-B65C-4677-9D8D-AA58D6C9DFDB}.iOS|Windows Phone.Build.0 = Release|Windows Phone
		{0E9E4D25-B65C-4677-9D8D-AA58D6C9DFDB}.iOS|x64.ActiveCfg = Release|Windows Phone
		{0E9E4D25-B65C-4677-9D8D-AA58D6C9DFDB}.iOS|x86.ActiveCfg = Release|Windows Phone
		{0E9E4D25-B65C-4677-9D8D-AA58D6C9DFDB}.Linux|Any CPU.ActiveCfg = Release|Windows Phone
		{0E9E4D25-B65C-4677-9D8D-AA58D6C9DFDB}.Linux|ARM.ActiveCfg = Release|Windows Phone
		{0E9E4D25-B65C-4677-9D8D-AA58D6C9DFDB}.Linux|Mixed Platforms.ActiveCfg = Release|Windows Phone
		{0E9E4D25-B65C-4677-9D8D-AA58D6C9DFDB}.Linux|Mixed Platforms.Build.0 = Release|Windows Phone
		{0E9E4D25-B65C-4677-9D8D-AA58D6C9DFDB}.Linux|Windows Phone.ActiveCfg = Release|Windows Phone
		{0E9E4D25-B65C-4677-9D8D-AA58D6C9DFDB}.Linux|Windows Phone.Build.0 = Release|Windows Phone
		{0E9E4D25-B65C-4677-9D8D-AA58D6C9DFDB}.Linux|x64.ActiveCfg = Release|Windows Phone
		{0E9E4D25-B65C-4677-9D8D-AA58D6C9DFDB}.Linux|x86.ActiveCfg = Release|Windows Phone
		{0E9E4D25-B65C-4677-9D8D-AA58D6C9DFDB}.OSX|Any CPU.ActiveCfg = Release|Windows Phone
		{0E9E4D25-B65C-4677-9D8D-AA58D6C9DFDB}.OSX|ARM.ActiveCfg = Release|Windows Phone
		{0E9E4D25-B65C-4677-9D8D-AA58D6C9DFDB}.OSX|Mixed Platforms.ActiveCfg = Release|Windows Phone
		{0E9E4D25-B65C-4677-9D8D-AA58D6C9DFDB}.OSX|Mixed Platforms.Build.0 = Release|Windows Phone
		{0E9E4D25-B65C-4677-9D8D-AA58D6C9DFDB}.OSX|Windows Phone.ActiveCfg = Release|Windows Phone
		{0E9E4D25-B65C-4677-9D8D-AA58D6C9DFDB}.OSX|Windows Phone.Build.0 = Release|Windows Phone
		{0E9E4D25-B65C-4677-9D8D-AA58D6C9DFDB}.OSX|x64.ActiveCfg = Release|Windows Phone
		{0E9E4D25-B65C-4677-9D8D-AA58D6C9DFDB}.OSX|x86.ActiveCfg = Release|Windows Phone
		{0E9E4D25-B65C-4677-9D8D-AA58D6C9DFDB}.PSM|Any CPU.ActiveCfg = Release|Windows Phone
		{0E9E4D25-B65C-4677-9D8D-AA58D6C9DFDB}.PSM|ARM.ActiveCfg = Release|Windows Phone
		{0E9E4D25-B65C-4677-9D8D-AA58D6C9DFDB}.PSM|Mixed Platforms.ActiveCfg = Release|Windows Phone
		{0E9E4D25-B65C-4677-9D8D-AA58D6C9DFDB}.PSM|Mixed Platforms.Build.0 = Release|Windows Phone
		{0E9E4D25-B65C-4677-9D8D-AA58D6C9DFDB}.PSM|Windows Phone.ActiveCfg = Release|Windows Phone
		{0E9E4D25-B65C-4677-9D8D-AA58D6C9DFDB}.PSM|Windows Phone.Build.0 = Release|Windows Phone
		{0E9E4D25-B65C-4677-9D8D-AA58D6C9DFDB}.PSM|x64.ActiveCfg = Release|Windows Phone
		{0E9E4D25-B65C-4677-9D8D-AA58D6C9DFDB}.PSM|x86.ActiveCfg = Release|Windows Phone
		{0E9E4D25-B65C-4677-9D8D-AA58D6C9DFDB}.Release|Any CPU.ActiveCfg = Release|Windows Phone
		{0E9E4D25-B65C-4677-9D8D-AA58D6C9DFDB}.Release|ARM.ActiveCfg = Release|Windows Phone
		{0E9E4D25-B65C-4677-9D8D-AA58D6C9DFDB}.Release|Mixed Platforms.ActiveCfg = Release|Windows Phone
		{0E9E4D25-B65C-4677-9D8D-AA58D6C9DFDB}.Release|Mixed Platforms.Build.0 = Release|Windows Phone
		{0E9E4D25-B65C-4677-9D8D-AA58D6C9DFDB}.Release|Windows Phone.ActiveCfg = Release|Windows Phone
		{0E9E4D25-B65C-4677-9D8D-AA58D6C9DFDB}.Release|Windows Phone.Build.0 = Release|Windows Phone
		{0E9E4D25-B65C-4677-9D8D-AA58D6C9DFDB}.Release|x64.ActiveCfg = Release|Windows Phone
		{0E9E4D25-B65C-4677-9D8D-AA58D6C9DFDB}.Release|x86.ActiveCfg = Release|Windows Phone
		{0E9E4D25-B65C-4677-9D8D-AA58D6C9DFDB}.Windows|Any CPU.ActiveCfg = Release|Windows Phone
		{0E9E4D25-B65C-4677-9D8D-AA58D6C9DFDB}.Windows|ARM.ActiveCfg = Release|Windows Phone
		{0E9E4D25-B65C-4677-9D8D-AA58D6C9DFDB}.Windows|Mixed Platforms.ActiveCfg = Release|Windows Phone
		{0E9E4D25-B65C-4677-9D8D-AA58D6C9DFDB}.Windows|Mixed Platforms.Build.0 = Release|Windows Phone
		{0E9E4D25-B65C-4677-9D8D-AA58D6C9DFDB}.Windows|Windows Phone.ActiveCfg = Release|Windows Phone
		{0E9E4D25-B65C-4677-9D8D-AA58D6C9DFDB}.Windows|Windows Phone.Build.0 = Release|Windows Phone
		{0E9E4D25-B65C-4677-9D8D-AA58D6C9DFDB}.Windows|x64.ActiveCfg = Release|Windows Phone
		{0E9E4D25-B65C-4677-9D8D-AA58D6C9DFDB}.Windows|x86.ActiveCfg = Release|Windows Phone
		{0E9E4D25-B65C-4677-9D8D-AA58D6C9DFDB}.Windows8|Any CPU.ActiveCfg = Release|Windows Phone
		{0E9E4D25-B65C-4677-9D8D-AA58D6C9DFDB}.Windows8|ARM.ActiveCfg = Release|Windows Phone
		{0E9E4D25-B65C-4677-9D8D-AA58D6C9DFDB}.Windows8|Mixed Platforms.ActiveCfg = Release|Windows Phone
		{0E9E4D25-B65C-4677-9D8D-AA58D6C9DFDB}.Windows8|Mixed Platforms.Build.0 = Release|Windows Phone
		{0E9E4D25-B65C-4677-9D8D-AA58D6C9DFDB}.Windows8|Windows Phone.ActiveCfg = Release|Windows Phone
		{0E9E4D25-B65C-4677-9D8D-AA58D6C9DFDB}.Windows8|Windows Phone.Build.0 = Release|Windows Phone
		{0E9E4D25-B65C-4677-9D8D-AA58D6C9DFDB}.Windows8|x64.ActiveCfg = Release|Windows Phone
		{0E9E4D25-B65C-4677-9D8D-AA58D6C9DFDB}.Windows8|x86.ActiveCfg = Release|Windows Phone
		{C33C18A2-2379-47EF-BBC7-A1ABBFA91FE7}.Android|Any CPU.ActiveCfg = Release|Windows Phone
		{C33C18A2-2379-47EF-BBC7-A1ABBFA91FE7}.Android|ARM.ActiveCfg = Release|Windows Phone
		{C33C18A2-2379-47EF-BBC7-A1ABBFA91FE7}.Android|Mixed Platforms.ActiveCfg = Release|Windows Phone
		{C33C18A2-2379-47EF-BBC7-A1ABBFA91FE7}.Android|Windows Phone.ActiveCfg = Release|Windows Phone
		{C33C18A2-2379-47EF-BBC7-A1ABBFA91FE7}.Android|x64.ActiveCfg = Release|Windows Phone
		{C33C18A2-2379-47EF-BBC7-A1ABBFA91FE7}.Android|x86.ActiveCfg = Release|Windows Phone
		{C33C18A2-2379-47EF-BBC7-A1ABBFA91FE7}.Debug|Any CPU.ActiveCfg = Debug|Windows Phone
		{C33C18A2-2379-47EF-BBC7-A1ABBFA91FE7}.Debug|ARM.ActiveCfg = Debug|Windows Phone
		{C33C18A2-2379-47EF-BBC7-A1ABBFA91FE7}.Debug|Mixed Platforms.ActiveCfg = Debug|Windows Phone
		{C33C18A2-2379-47EF-BBC7-A1ABBFA91FE7}.Debug|Windows Phone.ActiveCfg = Debug|Windows Phone
		{C33C18A2-2379-47EF-BBC7-A1ABBFA91FE7}.Debug|x64.ActiveCfg = Debug|Windows Phone
		{C33C18A2-2379-47EF-BBC7-A1ABBFA91FE7}.Debug|x86.ActiveCfg = Debug|Windows Phone
		{C33C18A2-2379-47EF-BBC7-A1ABBFA91FE7}.iOS|Any CPU.ActiveCfg = Release|Windows Phone
		{C33C18A2-2379-47EF-BBC7-A1ABBFA91FE7}.iOS|ARM.ActiveCfg = Release|Windows Phone
		{C33C18A2-2379-47EF-BBC7-A1ABBFA91FE7}.iOS|Mixed Platforms.ActiveCfg = Release|Windows Phone
		{C33C18A2-2379-47EF-BBC7-A1ABBFA91FE7}.iOS|Windows Phone.ActiveCfg = Release|Windows Phone
		{C33C18A2-2379-47EF-BBC7-A1ABBFA91FE7}.iOS|x64.ActiveCfg = Release|Windows Phone
		{C33C18A2-2379-47EF-BBC7-A1ABBFA91FE7}.iOS|x86.ActiveCfg = Release|Windows Phone
		{C33C18A2-2379-47EF-BBC7-A1ABBFA91FE7}.Linux|Any CPU.ActiveCfg = Release|Windows Phone
		{C33C18A2-2379-47EF-BBC7-A1ABBFA91FE7}.Linux|ARM.ActiveCfg = Release|Windows Phone
		{C33C18A2-2379-47EF-BBC7-A1ABBFA91FE7}.Linux|Mixed Platforms.ActiveCfg = Release|Windows Phone
		{C33C18A2-2379-47EF-BBC7-A1ABBFA91FE7}.Linux|Windows Phone.ActiveCfg = Release|Windows Phone
		{C33C18A2-2379-47EF-BBC7-A1ABBFA91FE7}.Linux|x64.ActiveCfg = Release|Windows Phone
		{C33C18A2-2379-47EF-BBC7-A1ABBFA91FE7}.Linux|x86.ActiveCfg = Release|Windows Phone
		{C33C18A2-2379-47EF-BBC7-A1ABBFA91FE7}.OSX|Any CPU.ActiveCfg = Release|Windows Phone
		{C33C18A2-2379-47EF-BBC7-A1ABBFA91FE7}.OSX|ARM.ActiveCfg = Release|Windows Phone
		{C33C18A2-2379-47EF-BBC7-A1ABBFA91FE7}.OSX|Mixed Platforms.ActiveCfg = Release|Windows Phone
		{C33C18A2-2379-47EF-BBC7-A1ABBFA91FE7}.OSX|Windows Phone.ActiveCfg = Release|Windows Phone
		{C33C18A2-2379-47EF-BBC7-A1ABBFA91FE7}.OSX|x64.ActiveCfg = Release|Windows Phone
		{C33C18A2-2379-47EF-BBC7-A1ABBFA91FE7}.OSX|x86.ActiveCfg = Release|Windows Phone
		{C33C18A2-2379-47EF-BBC7-A1ABBFA91FE7}.PSM|Any CPU.ActiveCfg = Release|Windows Phone
		{C33C18A2-2379-47EF-BBC7-A1ABBFA91FE7}.PSM|ARM.ActiveCfg = Release|Windows Phone
		{C33C18A2-2379-47EF-BBC7-A1ABBFA91FE7}.PSM|Mixed Platforms.ActiveCfg = Release|Windows Phone
		{C33C18A2-2379-47EF-BBC7-A1ABBFA91FE7}.PSM|Windows Phone.ActiveCfg = Release|Windows Phone
		{C33C18A2-2379-47EF-BBC7-A1ABBFA91FE7}.PSM|x64.ActiveCfg = Release|Windows Phone
		{C33C18A2-2379-47EF-BBC7-A1ABBFA91FE7}.PSM|x86.ActiveCfg = Release|Windows Phone
		{C33C18A2-2379-47EF-BBC7-A1ABBFA91FE7}.Release|Any CPU.ActiveCfg = Release|Windows Phone
		{C33C18A2-2379-47EF-BBC7-A1ABBFA91FE7}.Release|ARM.ActiveCfg = Release|Windows Phone
		{C33C18A2-2379-47EF-BBC7-A1ABBFA91FE7}.Release|Mixed Platforms.ActiveCfg = Release|Windows Phone
		{C33C18A2-2379-47EF-BBC7-A1ABBFA91FE7}.Release|Windows Phone.ActiveCfg = Release|Windows Phone
		{C33C18A2-2379-47EF-BBC7-A1ABBFA91FE7}.Release|x64.ActiveCfg = Release|Windows Phone
		{C33C18A2-2379-47EF-BBC7-A1ABBFA91FE7}.Release|x86.ActiveCfg = Release|Windows Phone
		{C33C18A2-2379-47EF-BBC7-A1ABBFA91FE7}.Windows|Any CPU.ActiveCfg = Release|Windows Phone
		{C33C18A2-2379-47EF-BBC7-A1ABBFA91FE7}.Windows|ARM.ActiveCfg = Release|Windows Phone
		{C33C18A2-2379-47EF-BBC7-A1ABBFA91FE7}.Windows|Mixed Platforms.ActiveCfg = Release|Windows Phone
		{C33C18A2-2379-47EF-BBC7-A1ABBFA91FE7}.Windows|Windows Phone.ActiveCfg = Release|Windows Phone
		{C33C18A2-2379-47EF-BBC7-A1ABBFA91FE7}.Windows|x64.ActiveCfg = Release|Windows Phone
		{C33C18A2-2379-47EF-BBC7-A1ABBFA91FE7}.Windows|x86.ActiveCfg = Release|Windows Phone
		{C33C18A2-2379-47EF-BBC7-A1ABBFA91FE7}.Windows8|Any CPU.ActiveCfg = Release|Windows Phone
		{C33C18A2-2379-47EF-BBC7-A1ABBFA91FE7}.Windows8|ARM.ActiveCfg = Release|Windows Phone
		{C33C18A2-2379-47EF-BBC7-A1ABBFA91FE7}.Windows8|Mixed Platforms.ActiveCfg = Release|Windows Phone
		{C33C18A2-2379-47EF-BBC7-A1ABBFA91FE7}.Windows8|Windows Phone.ActiveCfg = Release|Windows Phone
		{C33C18A2-2379-47EF-BBC7-A1ABBFA91FE7}.Windows8|x64.ActiveCfg = Release|Windows Phone
		{C33C18A2-2379-47EF-BBC7-A1ABBFA91FE7}.Windows8|x86.ActiveCfg = Release|Windows Phone
	EndGlobalSection
	GlobalSection(SolutionProperties) = preSolution
		HideSolutionNode = FALSE
	EndGlobalSection
	GlobalSection(NestedProjects) = preSolution
		{0E9E4D25-B65C-4677-9D8D-AA58D6C9DFDB} = {9B186473-EE58-489D-833E-EE6D99812C2F}
		{C33C18A2-2379-47EF-BBC7-A1ABBFA91FE7} = {9B186473-EE58-489D-833E-EE6D99812C2F}
	EndGlobalSection
EndGlobal
